schema = "reprobuild.solved-graph-lock.v2"

[lock]
platform = "amd64-linux"
optimal = false
inputs_digest = "fnv1a64:59e389521570a75f"
variants = []
packages = [{ name = "bash", version = "1.0.0", source = "bash", selection = "selected" }, { name = "capnp", version = "1.0.0", source = "capnp", selection = "selected" }, { name = "cargo", version = "1.85.0", source = "cargo", selection = "selected" }, { name = "cargo-nextest", version = "1.0.0", source = "cargo-nextest", selection = "selected" }, { name = "codetracer_python_recorder", version = "0.1.0", source = "codetracer_python_recorder", selection = "selected" }, { name = "dirname", version = "1.0.0", source = "dirname", selection = "selected" }, { name = "gcc", version = "1.0.0", source = "gcc", selection = "selected" }, { name = "git", version = "1.0.0", source = "git", selection = "selected" }, { name = "grep", version = "1.0.0", source = "grep", selection = "selected" }, { name = "nim", version = "2.2.0", source = "nim", selection = "selected" }, { name = "nimble", version = "1.0.0", source = "nimble", selection = "selected" }, { name = "openssl", version = "1.0.0", source = "openssl", selection = "selected" }, { name = "pkg-config", version = "1.0.0", source = "pkg-config", selection = "selected" }, { name = "python-recorder-maturin-sdk", version = "1.0.0", source = "python-recorder-maturin-sdk", selection = "selected" }, { name = "python-recorder-python-sdk", version = "1.0.0", source = "python-recorder-python-sdk", selection = "selected" }, { name = "python-recorder-uv-sdk", version = "1.0.0", source = "python-recorder-uv-sdk", selection = "selected" }, { name = "rustc", version = "1.85.0", source = "rustc", selection = "selected" }, { name = "zstd", version = "1.0.0", source = "zstd", selection = "selected" }]
deps = [{ name = "codetracer", path = "../codetracer", coord_kind = "vcs", url = "https://github.com/metacraft-labs/codetracer", ref = "stabilize-agents-worker-1-20261003", revision = "34b96d03b9436a0538e0d526a9caaf458226c63f", integrity = "git-sha1:34b96d03b9436a0538e0d526a9caaf458226c63f", version = "", visibility = "public", participation = "", depends = "", tags = "" }, { name = "codetracer-beam-recorder", path = "../codetracer-beam-recorder", coord_kind = "vcs", url = "https://github.com/metacraft-labs/codetracer-beam-recorder", ref = "agents-to-dev-2026-10-03", revision = "1ca034963f53f3a92d770c213381276545943f45", integrity = "git-sha1:1ca034963f53f3a92d770c213381276545943f45", version = "", visibility = "public", participation = "", depends = "", tags = "" }, { name = "codetracer-js-recorder", path = "../codetracer-js-recorder", coord_kind = "vcs", url = "https://github.com/metacraft-labs/codetracer-js-recorder", ref = "agents-to-dev-2026-10-03", revision = "f032476c9790acc8987e7afbbb78c94c49bb3c2f", integrity = "git-sha1:f032476c9790acc8987e7afbbb78c94c49bb3c2f", version = "", visibility = "public", participation = "", depends = "", tags = "" }, { name = "codetracer-launcher", path = "../codetracer-launcher", coord_kind = "vcs", url = "https://github.com/metacraft-labs/codetracer-launcher", ref = "stabilize-agents-worker-1-20261003", revision = "badec9fad9d924ffe3918924241e24a912e6c76d", integrity = "git-sha1:badec9fad9d924ffe3918924241e24a912e6c76d", version = "", visibility = "public", participation = "", depends = "", tags = "" }, { name = "codetracer-native-backend", path = "../codetracer-native-backend", coord_kind = "vcs", url = "https://github.com/metacraft-labs/codetracer-native-backend", ref = "stabilize-agents-worker-1-20261003", revision = "b0b1056f00541ba74366759e0647da6d6a22df9b", integrity = "git-sha1:b0b1056f00541ba74366759e0647da6d6a22df9b", version = "", visibility = "public", participation = "", depends = "", tags = "" }, { name = "codetracer-native-recorder", path = "../codetracer-native-recorder", coord_kind = "vcs", url = "https://github.com/metacraft-labs/codetracer-native-recorder", ref = "agents-to-dev-2026-10-03", revision = "df2948cd212bfe96aaa482019646757aed94b7cd", integrity = "git-sha1:df2948cd212bfe96aaa482019646757aed94b7cd", version = "", visibility = "public", participation = "", depends = "", tags = "" }, { name = "codetracer-python-recorder", path = ".", coord_kind = "vcs", url = "https://github.com/metacraft-labs/codetracer-python-recorder", ref = "agents-to-dev-2026-10-03", revision = "26fdc40849d0bf0b288ae9f24bbf6c58613ae62a", integrity = "git-sha1:26fdc40849d0bf0b288ae9f24bbf6c58613ae62a", version = "", visibility = "public", participation = "", depends = "codetracer,codetracer-beam-recorder,codetracer-js-recorder,codetracer-launcher,codetracer-native-backend,codetracer-native-recorder,codetracer-ruby-recorder,codetracer-test-mirror,codetracer-trace-format,codetracer-trace-format-nim,codetracer-visual-replay,codetracer-vscode-extension", tags = "" }, { name = "codetracer-ruby-recorder", path = "../codetracer-ruby-recorder", coord_kind = "vcs", url = "https://github.com/metacraft-labs/codetracer-ruby-recorder", ref = "agents-to-dev-2026-10-03", revision = "fc70758b98f25ae59ddf687c594eb5ef23cfeaec", integrity = "git-sha1:fc70758b98f25ae59ddf687c594eb5ef23cfeaec", version = "", visibility = "public", participation = "", depends = "", tags = "" }, { name = "codetracer-test-mirror", path = "../codetracer-test-mirror", coord_kind = "vcs", url = "https://github.com/metacraft-labs/codetracer-test-mirror", ref = "stabilize-agents-worker-1-20261003", revision = "777a8e31fa328c101eaf02012b22fc223ed771d2", integrity = "git-sha1:777a8e31fa328c101eaf02012b22fc223ed771d2", version = "", visibility = "public", participation = "", depends = "", tags = "" }, { name = "codetracer-trace-format", path = "../codetracer-trace-format", coord_kind = "vcs", url = "https://github.com/metacraft-labs/codetracer-trace-format", ref = "", revision = "f39e71016715b4ba67b626f4c971acfd6a766977", integrity = "git-sha1:f39e71016715b4ba67b626f4c971acfd6a766977", version = "", visibility = "public", participation = "", depends = "", tags = "" }, { name = "codetracer-trace-format-nim", path = "../codetracer-trace-format-nim", coord_kind = "vcs", url = "https://github.com/metacraft-labs/codetracer-trace-format-nim", ref = "", revision = "7e06d011fc69f7e0fd22d24783ab83498bb365aa", integrity = "git-sha1:7e06d011fc69f7e0fd22d24783ab83498bb365aa", version = "", visibility = "public", participation = "", depends = "", tags = "" }, { name = "codetracer-visual-replay", path = "../codetracer-visual-replay", coord_kind = "vcs", url = "https://github.com/metacraft-labs/codetracer-visual-replay", ref = "stabilize-agents-worker-1-20261003", revision = "4428479ffaffaf71ee0685a85713037fed97ba7d", integrity = "git-sha1:4428479ffaffaf71ee0685a85713037fed97ba7d", version = "", visibility = "public", participation = "", depends = "", tags = "" }, { name = "codetracer-vscode-extension", path = "../codetracer-vscode-extension", coord_kind = "vcs", url = "https://github.com/metacraft-labs/codetracer-vscode-extension", ref = "stabilize-agents-worker-1-20261003", revision = "c7f7985d4fdc124fa988fdf89d4517136e385001", integrity = "git-sha1:c7f7985d4fdc124fa988fdf89d4517136e385001", version = "", visibility = "public", participation = "", depends = "", tags = "" }]
